
Microsoft Visual Studio Solution File, Format Version 12.00
# Visual Studio Version 17
VisualStudioVersion = 17.1.32421.90
MinimumVisualStudioVersion = 10.0.40219.1
Project("{FAE04EC0-301F-11D3-BF4B-00C04F79EFBC}") = "GestioneArray", "GestioneArray\GestioneArray.csproj", "{61BBC915-95B3-45E1-80F9-0DD652348993}"
EndProject
Global
	GlobalSection(SolutionConfigurationPlatforms) = preSolution
		Debug|Any CPU = Debug|Any CPU
		Release|Any CPU = Release|Any CPU
	EndGlobalSection
	GlobalSection(ProjectConfigurationPlatforms) = postSolution
		{61BBC915-95B3-45E1-80F9-0DD652348993}.Debug|Any CPU.ActiveCfg = Debug|Any CPU
		{61BBC915-95B3-45E1-80F9-0DD652348993}.Debug|Any CPU.Build.0 = Debug|Any CPU
		{61BBC915-95B3-45E1-80F9-0DD652348993}.Release|Any CPU.ActiveCfg = Release|Any CPU
		{61BBC915-95B3-45E1-80F9-0DD652348993}.Release|Any CPU.Build.0 = Release|Any CPU
	EndGlobalSection
	GlobalSection(SolutionProperties) = preSolution
		HideSolutionNode = FALSE
	EndGlobalSection
	GlobalSection(ExtensibilityGlobals) = postSolution
		SolutionGuid = {A7E87695-C411-454D-85CD-0C947691AD7D}
	EndGlobalSection
EndGlobal
